// !$*UTF8*$!
{
	archiveVersion = 1;
	classes = {
	};
	objectVersion = 46;
	objects = {

/* Begin PBXBuildFile section */
		3EEE7423436078C9361BDAA9 /* Pods_CloudyShiny.framework in Frameworks */ = {isa = PBXBuildFile; fileRef = 11ACF0E311DE9C3AF766F3EA /* Pods_CloudyShiny.framework */; };
		8DCB07321E8CDF510047FAC5 /* AppDelegate.swift in Sources */ = {isa = PBXBuildFile; fileRef = 8DCB07311E8CDF510047FAC5 /* AppDelegate.swift */; };
		8DCB07341E8CDF510047FAC5 /* WeatherViewController.swift in Sources */ = {isa = PBXBuildFile; fileRef = 8DCB07331E8CDF510047FAC5 /* WeatherViewController.swift */; };
		8DCB07371E8CDF510047FAC5 /* Main.storyboard in Resources */ = {isa = PBXBuildFile; fileRef = 8DCB07351E8CDF510047FAC5 /* Main.storyboard */; };
		8DCB073C1E8CDF510047FAC5 /* LaunchScreen.storyboard in Resources */ = {isa = PBXBuildFile; fileRef = 8DCB073A1E8CDF510047FAC5 /* LaunchScreen.storyboard */; };
		8DCB07441E8E5EC00047FAC5 /* CurrentWeather.swift in Sources */ = {isa = PBXBuildFile; fileRef = 8DCB07431E8E5EC00047FAC5 /* CurrentWeather.swift */; };
		8DCB07461E8E75420047FAC5 /* Constants.swift in Sources */ = {isa = PBXBuildFile; fileRef = 8DCB07451E8E75420047FAC5 /* Constants.swift */; };
		8DCB07481E8EA6E50047FAC5 /* Assets.xcassets in Resources */ = {isa = PBXBuildFile; fileRef = 8DCB07471E8EA6E50047FAC5 /* Assets.xcassets */; };
		8DCB074A1E8EAA1B0047FAC5 /* Forecast.swift in Sources */ = {isa = PBXBuildFile; fileRef = 8DCB07491E8EAA1B0047FAC5 /* Forecast.swift */; };
		8DD518021E8F623D00EE260B /* ForecastCell.swift in Sources */ = {isa = PBXBuildFile; fileRef = 8DD518011E8F623D00EE260B /* ForecastCell.swift */; };
		8DD518041E8F738200EE260B /* Location.swift in Sources */ = {isa = PBXBuildFile; fileRef = 8DD518031E8F738200EE260B /* Location.swift */; };
/* End PBXBuildFile section */

/* Begin PBXFileReference section */
		11ACF0E311DE9C3AF766F3EA /* Pods_CloudyShiny.framework */ = {isa = PBXFileReference; explicitFileType = wrapper.framework; includeInIndex = 0; path = Pods_CloudyShiny.framework; sourceTree = BUILT_PRODUCTS_DIR; };
		2F1F717BE8D7D0200CF6B09C /* Pods-CloudyShiny.release.xcconfig */ = {isa = PBXFileReference; includeInIndex = 1; lastKnownFileType = text.xcconfig; name = "Pods-CloudyShiny.release.xcconfig"; path = "Pods/Target Support Files/Pods-CloudyShiny/Pods-CloudyShiny.release.xcconfig"; sourceTree = "<group>"; };
		8DCB072E1E8CDF510047FAC5 /* CloudyShiny.app */ = {isa = PBXFileReference; explicitFileType = wrapper.application; includeInIndex = 0; path = CloudyShiny.app; sourceTree = BUILT_PRODUCTS_DIR; };
		8DCB07311E8CDF510047FAC5 /* AppDelegate.swift */ = {isa = PBXFileReference; lastKnownFileType = sourcecode.swift; path = AppDelegate.swift; sourceTree = "<group>"; };
		8DCB07331E8CDF510047FAC5 /* WeatherViewController.swift */ = {isa = PBXFileReference; lastKnownFileType = sourcecode.swift; path = WeatherViewController.swift; sourceTree = "<group>"; };
		8DCB07361E8CDF510047FAC5 /* Base */ = {isa = PBXFileReference; lastKnownFileType = file.storyboard; name = Base; path = Base.lproj/Main.storyboard; sourceTree = "<group>"; };
		8DCB073B1E8CDF510047FAC5 /* Base */ = {isa = PBXFileReference; lastKnownFileType = file.storyboard; name = Base; path = Base.lproj/LaunchScreen.storyboard; sourceTree = "<group>"; };
		8DCB073D1E8CDF510047FAC5 /* Info.plist */ = {isa = PBXFileReference; lastKnownFileType = text.plist.xml; path = Info.plist; sourceTree = "<group>"; };
		8DCB07431E8E5EC00047FAC5 /* CurrentWeather.swift */ = {isa = PBXFileReference; fileEncoding = 4; lastKnownFileType = sourcecode.swift; path = CurrentWeather.swift; sourceTree = "<group>"; };
		8DCB07451E8E75420047FAC5 /* Constants.swift */ = {isa = PBXFileReference; fileEncoding = 4; lastKnownFileType = sourcecode.swift; path = Constants.swift; sourceTree = "<group>"; };
		8DCB07471E8EA6E50047FAC5 /* Assets.xcassets */ = {isa = PBXFileReference; lastKnownFileType = folder.assetcatalog; path = Assets.xcassets; sourceTree = "<group>"; };
		8DCB07491E8EAA1B0047FAC5 /* Forecast.swift */ = {isa = PBXFileReference; fileEncoding = 4; lastKnownFileType = sourcecode.swift; path = Forecast.swift; sourceTree = "<group>"; };
		8DD518011E8F623D00EE260B /* ForecastCell.swift */ = {isa = PBXFileReference; fileEncoding = 4; lastKnownFileType = sourcecode.swift; path = ForecastCell.swift; sourceTree = "<group>"; };
		8DD518031E8F738200EE260B /* Location.swift */ = {isa = PBXFileReference; fileEncoding = 4; lastKnownFileType = sourcecode.swift; path = Location.swift; sourceTree = "<group>"; };
		A06E0CF4DB5D8233AAE05D5E /* Pods-CloudyShiny.debug.xcconfig */ = {isa = PBXFileReference; includeInIndex = 1; lastKnownFileType = text.xcconfig; name = "Pods-CloudyShiny.debug.xcconfig"; path = "Pods/Target Support Files/Pods-CloudyShiny/Pods-CloudyShiny.debug.xcconfig"; sourceTree = "<group>"; };
/* End PBXFileReference section */

/* Begin PBXFrameworksBuildPhase section */
		8DCB072B1E8CDF500047FAC5 /* Frameworks */ = {
			isa = PBXFrameworksBuildPhase;
			buildActionMask = 2147483647;
			files = (
				3EEE7423436078C9361BDAA9 /* Pods_CloudyShiny.framework in Frameworks */,
			);
			runOnlyForDeploymentPostprocessing = 0;
		};
/* End PBXFrameworksBuildPhase section */

/* Begin PBXGroup section */
		318C5C261853880EE221145A /* Pods */ = {
			isa = PBXGroup;
			children = (
				A06E0CF4DB5D8233AAE05D5E /* Pods-CloudyShiny.debug.xcconfig */,
				2F1F717BE8D7D0200CF6B09C /* Pods-CloudyShiny.release.xcconfig */,
			);
			name = Pods;
			sourceTree = "<group>";
		};
		8DCB07251E8CDF500047FAC5 = {
			isa = PBXGroup;
			children = (
				8DCB07301E8CDF510047FAC5 /* CloudyShiny */,
				8DCB072F1E8CDF510047FAC5 /* Products */,
				318C5C261853880EE221145A /* Pods */,
				DBC59B957E0F1EF0A31245AC /* Frameworks */,
			);
			sourceTree = "<group>";
		};
		8DCB072F1E8CDF510047FAC5 /* Products */ = {
			isa = PBXGroup;
			children = (
				8DCB072E1E8CDF510047FAC5 /* CloudyShiny.app */,
			);
			name = Products;
			sourceTree = "<group>";
		};
		8DCB07301E8CDF510047FAC5 /* CloudyShiny */ = {
			isa = PBXGroup;
			children = (
				8DCB07311E8CDF510047FAC5 /* AppDelegate.swift */,
				8DCB07331E8CDF510047FAC5 /* WeatherViewController.swift */,
				8DCB07351E8CDF510047FAC5 /* Main.storyboard */,
				8DCB073A1E8CDF510047FAC5 /* LaunchScreen.storyboard */,
				8DCB073D1E8CDF510047FAC5 /* Info.plist */,
				8DCB07471E8EA6E50047FAC5 /* Assets.xcassets */,
				8DCB07431E8E5EC00047FAC5 /* CurrentWeather.swift */,
				8DCB07451E8E75420047FAC5 /* Constants.swift */,
				8DCB07491E8EAA1B0047FAC5 /* Forecast.swift */,
				8DD518011E8F623D00EE260B /* ForecastCell.swift */,
				8DD518031E8F738200EE260B /* Location.swift */,
			);
			path = CloudyShiny;
			sourceTree = "<group>";
		};
		DBC59B957E0F1EF0A31245AC /* Frameworks */ = {
			isa = PBXGroup;
			children = (
				11ACF0E311DE9C3AF766F3EA /* Pods_CloudyShiny.framework */,
			);
			name = Frameworks;
			sourceTree = "<group>";
		};
/* End PBXGroup section */

/* Begin PBXNativeTarget section */
		8DCB072D1E8CDF500047FAC5 /* CloudyShiny */ = {
			isa = PBXNativeTarget;
			buildConfigurationList = 8DCB07401E8CDF510047FAC5 /* Build configuration list for PBXNativeTarget "CloudyShiny" */;
			buildPhases = (
				2F7CB880FD40480A628AF462 /* [CP] Check Pods Manifest.lock */,
				8DCB072A1E8CDF500047FAC5 /* Sources */,
				8DCB072B1E8CDF500047FAC5 /* Frameworks */,
				8DCB072C1E8CDF500047FAC5 /* Resources */,
				F2BE43F5E88A880DEF615916 /* [CP] Embed Pods Frameworks */,
				3A7D538E171620F94BBD51E2 /* [CP] Copy Pods Resources */,
			);
			buildRules = (
			);
			dependencies = (
			);
			name = CloudyShiny;
			productName = CloudyShiny;
			productReference = 8DCB072E1E8CDF510047FAC5 /* CloudyShiny.app */;
			productType = "com.apple.product-type.application";
		};
/* End PBXNativeTarget section */

/* Begin PBXProject section */
		8DCB07261E8CDF500047FAC5 /* Project object */ = {
			isa = PBXProject;
			attributes = {
				LastSwiftUpdateCheck = 0820;
				LastUpgradeCheck = 0820;
				ORGANIZATIONNAME = "Codelight Studios";
				TargetAttributes = {
					8DCB072D1E8CDF500047FAC5 = {
						CreatedOnToolsVersion = 8.2.1;
						ProvisioningStyle = Automatic;
					};
				};
			};
			buildConfigurationList = 8DCB07291E8CDF500047FAC5 /* Build configuration list for PBXProject "CloudyShiny" */;
			compatibilityVersion = "Xcode 3.2";
			developmentRegion = English;
			hasScannedForEncodings = 0;
			knownRegions = (
				en,
				Base,
			);
			mainGroup = 8DCB07251E8CDF500047FAC5;
			productRefGroup = 8DCB072F1E8CDF510047FAC5 /* Products */;
			projectDirPath = "";
			projectRoot = "";
			targets = (
				8DCB072D1E8CDF500047FAC5 /* CloudyShiny */,
			);
		};
/* End PBXProject section */

/* Begin PBXResourcesBuildPhase section */
		8DCB072C1E8CDF500047FAC5 /* Resources */ = {
			isa = PBXResourcesBuildPhase;
			buildActionMask = 2147483647;
			files = (
				8DCB073C1E8CDF510047FAC5 /* LaunchScreen.storyboard in Resources */,
				8DCB07481E8EA6E50047FAC5 /* Assets.xcassets in Resources */,
				8DCB07371E8CDF510047FAC5 /* Main.storyboard in Resources */,
			);
			runOnlyForDeploymentPostprocessing = 0;
		};
/* End PBXResourcesBuildPhase section */

/* Begin PBXShellScriptBuildPhase section */
		2F7CB880FD40480A628AF462 /* [CP] Check Pods Manifest.lock */ = {
			isa = PBXShellScriptBuildPhase;
			buildActionMask = 2147483647;
			files = (
			);
			inputPaths = (
			);
			name = "[CP] Check Pods Manifest.lock";
			outputPaths = (
			);
			runOnlyForDeploymentPostprocessing = 0;
			shellPath = /bin/sh;
			shellScript = "diff \"${PODS_ROOT}/../Podfile.lock\" \"${PODS_ROOT}/Manifest.lock\" > /dev/null\nif [ $? != 0 ] ; then\n    # print error to STDERR\n    echo \"error: The sandbox is not in sync with the Podfile.lock. Run 'pod install' or update your CocoaPods installation.\" >&2\n    exit 1\nfi\n";
			showEnvVarsInLog = 0;
		};
		3A7D538E171620F94BBD51E2 /* [CP] Copy Pods Resources */ = {
			isa = PBXShellScriptBuildPhase;
			buildActionMask = 2147483647;
			files = (
			);
			inputPaths = (
			);
			name = "[CP] Copy Pods Resources";
			outputPaths = (
			);
			runOnlyForDeploymentPostprocessing = 0;
			shellPath = /bin/sh;
			shellScript = "\"${SRCROOT}/Pods/Target Support Files/Pods-CloudyShiny/Pods-CloudyShiny-resources.sh\"\n";
			showEnvVarsInLog = 0;
		};
		F2BE43F5E88A880DEF615916 /* [CP] Embed Pods Frameworks */ = {
			isa = PBXShellScriptBuildPhase;
			buildActionMask = 2147483647;
			files = (
			);
			inputPaths = (
			);
			name = "[CP] Embed Pods Frameworks";
			outputPaths = (
			);
			runOnlyForDeploymentPostprocessing = 0;
			shellPath = /bin/sh;
			shellScript = "\"${SRCROOT}/Pods/Target Support Files/Pods-CloudyShiny/Pods-CloudyShiny-frameworks.sh\"\n";
			showEnvVarsInLog = 0;
		};
/* End PBXShellScriptBuildPhase section */

/* Begin PBXSourcesBuildPhase section */
		8DCB072A1E8CDF500047FAC5 /* Sources */ = {
			isa = PBXSourcesBuildPhase;
			buildActionMask = 2147483647;
			files = (
				8DCB07341E8CDF510047FAC5 /* WeatherViewController.swift in Sources */,
				8DCB07441E8E5EC00047FAC5 /* CurrentWeather.swift in Sources */,
				8DCB07321E8CDF510047FAC5 /* AppDelegate.swift in Sources */,
				8DCB07461E8E75420047FAC5 /* Constants.swift in Sources */,
				8DD518021E8F623D00EE260B /* ForecastCell.swift in Sources */,
				8DCB074A1E8EAA1B0047FAC5 /* Forecast.swift in Sources */,
				8DD518041E8F738200EE260B /* Location.swift in Sources */,
			);
			runOnlyForDeploymentPostprocessing = 0;
		};
/* End PBXSourcesBuildPhase section */

/* Begin PBXVariantGroup section */
		8DCB07351E8CDF510047FAC5 /* Main.storyboard */ = {
			isa = PBXVariantGroup;
			children = (
				8DCB07361E8CDF510047FAC5 /* Base */,
			);
			name = Main.storyboard;
			sourceTree = "<group>";
		};
		8DCB073A1E8CDF510047FAC5 /* LaunchScreen.storyboard */ = {
			isa = PBXVariantGroup;
			children = (
				8DCB073B1E8CDF510047FAC5 /* Base */,
			);
			name = LaunchScreen.storyboard;
			sourceTree = "<group>";
		};
/* End PBXVariantGroup section */

/* Begin XCBuildConfiguration section */
		8DCB073E1E8CDF510047FAC5 /* Debug */ = {
			isa = XCBuildConfiguration;
			buildSettings = {
				ALWAYS_SEARCH_USER_PATHS = NO;
				CLANG_ANALYZER_NONNULL = YES;
				CLANG_CXX_LANGUAGE_STANDARD = "gnu++0x";
				CLANG_CXX_LIBRARY = "libc++";
				CLANG_ENABLE_MODULES = YES;
				CLANG_ENABLE_OBJC_ARC = YES;
				CLANG_WARN_BOOL_CONVERSION = YES;
				CLANG_WARN_CONSTANT_CONVERSION = YES;
				CLANG_WARN_DIRECT_OBJC_ISA_USAGE = YES_ERROR;
				CLANG_WARN_DOCUMENTATION_COMMENTS = YES;
				CLANG_WARN_EMPTY_BODY = YES;
				CLANG_WARN_ENUM_CONVERSION = YES;
				CLANG_WARN_INFINITE_RECURSION = YES;
				CLANG_WARN_INT_CONVERSION = YES;
				CLANG_WARN_OBJC_ROOT_CLASS = YES_ERROR;
				CLANG_WARN_SUSPICIOUS_MOVE = YES;
				CLANG_WARN_UNREACHABLE_CODE = YES;
				CLANG_WARN__DUPLICATE_METHOD_MATCH = YES;
				"CODE_SIGN_IDENTITY[sdk=iphoneos*]" = "iPhone Developer";
				COPY_PHASE_STRIP = NO;
				DEBUG_INFORMATION_FORMAT = dwarf;
				ENABLE_STRICT_OBJC_MSGSEND = YES;
				ENABLE_TESTABILITY = YES;
				GCC_C_LANGUAGE_STANDARD = gnu99;
				GCC_DYNAMIC_NO_PIC = NO;
				GCC_NO_COMMON_BLOCKS = YES;
				GCC_OPTIMIZATION_LEVEL = 0;
				GCC_PREPROCESSOR_DEFINITIONS = (
					"DEBUG=1",
					"$(inherited)",
				);
				GCC_WARN_64_TO_32_BIT_CONVERSION = YES;
				GCC_WARN_ABOUT_RETURN_TYPE = YES_ERROR;
				GCC_WARN_UNDECLARED_SELECTOR = YES;
				GCC_WARN_UNINITIALIZED_AUTOS = YES_AGGRESSIVE;
				GCC_WARN_UNUSED_FUNCTION = YES;
				GCC_WARN_UNUSED_VARIABLE = YES;
				IPHONEOS_DEPLOYMENT_TARGET = 10.2;
				MTL_ENABLE_DEBUG_INFO = YES;
				ONLY_ACTIVE_ARCH = YES;
				SDKROOT = iphoneos;
				SWIFT_ACTIVE_COMPILATION_CONDITIONS = DEBUG;
				SWIFT_OPTIMIZATION_LEVEL = "-Onone";
				TARGETED_DEVICE_FAMILY = "1,2";
			};
			name = Debug;
		};
		8DCB073F1E8CDF510047FAC5 /* Release */ = {
			isa = XCBuildConfiguration;
			buildSettings = {
				ALWAYS_SEARCH_USER_PATHS = NO;
				CLANG_ANALYZER_NONNULL = YES;
				CLANG_CXX_LANGUAGE_STANDARD = "gnu++0x";
				CLANG_CXX_LIBRARY = "libc++";
				CLANG_ENABLE_MODULES = YES;
				CLANG_ENABLE_OBJC_ARC = YES;
				CLANG_WARN_BOOL_CONVERSION = YES;
				CLANG_WARN_CONSTANT_CONVERSION = YES;
				CLANG_WARN_DIRECT_OBJC_ISA_USAGE = YES_ERROR;
				CLANG_WARN_DOCUMENTATION_COMMENTS = YES;
				CLANG_WARN_EMPTY_BODY = YES;
				CLANG_WARN_ENUM_CONVERSION = YES;
				CLANG_WARN_INFINITE_RECURSION = YES;
				CLANG_WARN_INT_CONVERSION = YES;
				CLANG_WARN_OBJC_ROOT_CLASS = YES_ERROR;
				CLANG_WARN_SUSPICIOUS_MOVE = YES;
				CLANG_WARN_UNREACHABLE_CODE = YES;
				CLANG_WARN__DUPLICATE_METHOD_MATCH = YES;
				"CODE_SIGN_IDENTITY[sdk=iphoneos*]" = "iPhone Developer";
				COPY_PHASE_STRIP = NO;
				DEBUG_INFORMATION_FORMAT = "dwarf-with-dsym";
				ENABLE_NS_ASSERTIONS = NO;
				ENABLE_STRICT_OBJC_MSGSEND = YES;
				GCC_C_LANGUAGE_STANDARD = gnu99;
				GCC_NO_COMMON_BLOCKS = YES;
				GCC_WARN_64_TO_32_BIT_CONVERSION = YES;
				GCC_WARN_ABOUT_RETURN_TYPE = YES_ERROR;
				GCC_WARN_UNDECLARED_SELECTOR = YES;
				GCC_WARN_UNINITIALIZED_AUTOS = YES_AGGRESSIVE;
				GCC_WARN_UNUSED_FUNCTION = YES;
				GCC_WARN_UNUSED_VARIABLE = YES;
				IPHONEOS_DEPLOYMENT_TARGET = 10.2;
				MTL_ENABLE_DEBUG_INFO = NO;
				SDKROOT = iphoneos;
				SWIFT_OPTIMIZATION_LEVEL = "-Owholemodule";
				TARGETED_DEVICE_FAMILY = "1,2";
				VALIDATE_PRODUCT = YES;
			};
			name = Release;
		};
		8DCB07411E8CDF510047FAC5 /* Debug */ = {
			isa = XCBuildConfiguration;
			baseConfigurationReference = A06E0CF4DB5D8233AAE05D5E /* Pods-CloudyShiny.debug.xcconfig */;
			buildSettings = {
				ASSETCATALOG_COMPILER_APPICON_NAME = AppIcon;
				DEVELOPMENT_TEAM = "";
				INFOPLIST_FILE = CloudyShiny/Info.plist;
				LD_RUNPATH_SEARCH_PATHS = "$(inherited) @executable_path/Frameworks";
				PRODUCT_BUNDLE_IDENTIFIER = studios.codelight.CloudyShiny;
				PRODUCT_NAME = "$(TARGET_NAME)";
				SWIFT_VERSION = 3.0;
			};
			name = Debug;
		};
		8DCB07421E8CDF510047FAC5 /* Release */ = {
			isa = XCBuildConfiguration;
			baseConfigurationReference = 2F1F717BE8D7D0200CF6B09C /* Pods-CloudyShiny.release.xcconfig */;
			buildSettings = {
				ASSETCATALOG_COMPILER_APPICON_NAME = AppIcon;
				DEVELOPMENT_TEAM = "";
				INFOPLIST_FILE = CloudyShiny/Info.plist;
				LD_RUNPATH_SEARCH_PATHS = "$(inherited) @executable_path/Frameworks";
				PRODUCT_BUNDLE_IDENTIFIER = studios.codelight.CloudyShiny;
				PRODUCT_NAME = "$(TARGET_NAME)";
				SWIFT_VERSION = 3.0;
			};
			name = Release;
		};
/* End XCBuildConfiguration section */

/* Begin XCConfigurationList section */
		8DCB07291E8CDF500047FAC5 /* Build configuration list for PBXProject "CloudyShiny" */ = {
			isa = XCConfigurationList;
			buildConfigurations = (
				8DCB073E1E8CDF510047FAC5 /* Debug */,
				8DCB073F1E8CDF510047FAC5 /* Release */,
			);
			defaultConfigurationIsVisible = 0;
			defaultConfigurationName = Release;
		};
		8DCB07401E8CDF510047FAC5 /* Build configuration list for PBXNativeTarget "CloudyShiny" */ = {
			isa = XCConfigurationList;
			buildConfigurations = (
				8DCB07411E8CDF510047FAC5 /* Debug */,
				8DCB07421E8CDF510047FAC5 /* Release */,
			);
			defaultConfigurationIsVisible = 0;
			defaultConfigurationName = Release;
		};
/* End XCConfigurationList section */
	};
	rootObject = 8DCB07261E8CDF500047FAC5 /* Project object */;
}
